<Solution>
  <Configurations>
    <Platform Name="Any CPU" />
    <Platform Name="x64" />
  </Configurations>
  <Folder Name="/src/">
    <Project Path="src/HAOSInstaller.App/HAOSInstaller.App.csproj">
      <Platform Solution="*|x64" Project="x64" />
    </Project>
    <Project Path="src/HAOSInstaller.Core/HAOSInstaller.Core.csproj">
      <Platform Solution="*|x64" Project="x64" />
    </Project>
    <Project Path="src/HAOSInstaller.Tests/HAOSInstaller.Tests.csproj">
      <Platform Solution="*|x64" Project="x64" />
    </Project>
  </Folder>
</Solution>
